
Microsoft Visual Studio Solution File, Format Version 12.00
# Visual Studio Version 16
VisualStudioVersion = 16.0.31727.386
MinimumVisualStudioVersion = 10.0.40219.1
Project("{FAE04EC0-301F-11D3-BF4B-00C04F79EFBC}") = "prtest8", "prtest8\prtest8.csproj", "{E10A1BA0-C9FD-46A3-8F78-DDC53DDD321C}"
EndProject
Project("{FAE04EC0-301F-11D3-BF4B-00C04F79EFBC}") = "volumeTests", "volumeTests\volumeTests.csproj", "{FC64B6E1-C166-4F57-BB0E-2E921916728F}"
EndProject
Global
	GlobalSection(SolutionConfigurationPlatforms) = preSolution
		Debug|Any CPU = Debug|Any CPU
		Release|Any CPU = Release|Any CPU
	EndGlobalSection
	GlobalSection(ProjectConfigurationPlatforms) = postSolution
		{E10A1BA0-C9FD-46A3-8F78-DDC53DDD321C}.Debug|Any CPU.ActiveCfg = Debug|Any CPU
		{E10A1BA0-C9FD-46A3-8F78-DDC53DDD321C}.Debug|Any CPU.Build.0 = Debug|Any CPU
		{E10A1BA0-C9FD-46A3-8F78-DDC53DDD321C}.Release|Any CPU.ActiveCfg = Release|Any CPU
		{E10A1BA0-C9FD-46A3-8F78-DDC53DDD321C}.Release|Any CPU.Build.0 = Release|Any CPU
		{FC64B6E1-C166-4F57-BB0E-2E921916728F}.Debug|Any CPU.ActiveCfg = Debug|Any CPU
		{FC64B6E1-C166-4F57-BB0E-2E921916728F}.Debug|Any CPU.Build.0 = Debug|Any CPU
		{FC64B6E1-C166-4F57-BB0E-2E921916728F}.Release|Any CPU.ActiveCfg = Release|Any CPU
		{FC64B6E1-C166-4F57-BB0E-2E921916728F}.Release|Any CPU.Build.0 = Release|Any CPU
	EndGlobalSection
	GlobalSection(SolutionProperties) = preSolution
		HideSolutionNode = FALSE
	EndGlobalSection
	GlobalSection(ExtensibilityGlobals) = postSolution
		SolutionGuid = {A0502475-53F8-47ED-A5D5-3E054EC79171}
	EndGlobalSection
EndGlobal
